
Microsoft Visual Studio Solution File, Format Version 12.00
# Visual Studio Version 17
VisualStudioVersion = 17.4.33213.308
MinimumVisualStudioVersion = 10.0.40219.1
Project("{FAE04EC0-301F-11D3-BF4B-00C04F79EFBC}") = "EventHubTestReceiveEvent", "EventHubTestReceiveEvent\EventHubTestReceiveEvent.csproj", "{914289D0-4B1F-4990-9A18-DABC436A2665}"
EndProject
Project("{FAE04EC0-301F-11D3-BF4B-00C04F79EFBC}") = "EventHubTestSendEvent", "EventHubTestSendEvent\EventHubTestSendEvent.csproj", "{BD7C7EF5-05CB-4E9F-8BF6-86D7AF2B4114}"
EndProject
Project("{FAE04EC0-301F-11D3-BF4B-00C04F79EFBC}") = "EventGridTestSendEvent", "EventGridTestSendEvent\EventGridTestSendEvent.csproj", "{3067D005-25F6-4B8F-8BE6-E86852C0A940}"
EndProject
Project("{FAE04EC0-301F-11D3-BF4B-00C04F79EFBC}") = "Common", "Common\Common.csproj", "{AE42E5E7-BF28-45A4-8A7F-739E752F5BA5}"
EndProject
Global
	GlobalSection(SolutionConfigurationPlatforms) = preSolution
		Debug|Any CPU = Debug|Any CPU
		Release|Any CPU = Release|Any CPU
	EndGlobalSection
	GlobalSection(ProjectConfigurationPlatforms) = postSolution
		{914289D0-4B1F-4990-9A18-DABC436A2665}.Debug|Any CPU.ActiveCfg = Debug|Any CPU
		{914289D0-4B1F-4990-9A18-DABC436A2665}.Debug|Any CPU.Build.0 = Debug|Any CPU
		{914289D0-4B1F-4990-9A18-DABC436A2665}.Release|Any CPU.ActiveCfg = Release|Any CPU
		{914289D0-4B1F-4990-9A18-DABC436A2665}.Release|Any CPU.Build.0 = Release|Any CPU
		{BD7C7EF5-05CB-4E9F-8BF6-86D7AF2B4114}.Debug|Any CPU.ActiveCfg = Debug|Any CPU
		{BD7C7EF5-05CB-4E9F-8BF6-86D7AF2B4114}.Debug|Any CPU.Build.0 = Debug|Any CPU
		{BD7C7EF5-05CB-4E9F-8BF6-86D7AF2B4114}.Release|Any CPU.ActiveCfg = Release|Any CPU
		{BD7C7EF5-05CB-4E9F-8BF6-86D7AF2B4114}.Release|Any CPU.Build.0 = Release|Any CPU
		{3067D005-25F6-4B8F-8BE6-E86852C0A940}.Debug|Any CPU.ActiveCfg = Debug|Any CPU
		{3067D005-25F6-4B8F-8BE6-E86852C0A940}.Debug|Any CPU.Build.0 = Debug|Any CPU
		{3067D005-25F6-4B8F-8BE6-E86852C0A940}.Release|Any CPU.ActiveCfg = Release|Any CPU
		{3067D005-25F6-4B8F-8BE6-E86852C0A940}.Release|Any CPU.Build.0 = Release|Any CPU
		{AE42E5E7-BF28-45A4-8A7F-739E752F5BA5}.Debug|Any CPU.ActiveCfg = Debug|Any CPU
		{AE42E5E7-BF28-45A4-8A7F-739E752F5BA5}.Debug|Any CPU.Build.0 = Debug|Any CPU
		{AE42E5E7-BF28-45A4-8A7F-739E752F5BA5}.Release|Any CPU.ActiveCfg = Release|Any CPU
		{AE42E5E7-BF28-45A4-8A7F-739E752F5BA5}.Release|Any CPU.Build.0 = Release|Any CPU
	EndGlobalSection
	GlobalSection(SolutionProperties) = preSolution
		HideSolutionNode = FALSE
	EndGlobalSection
	GlobalSection(ExtensibilityGlobals) = postSolution
		SolutionGuid = {73FF4B4A-458F-4715-B968-EF2017F5D16D}
	EndGlobalSection
EndGlobal
